// !$*UTF8*$!
{
	archiveVersion = 1;
	classes = {
	};
	objectVersion = 56;
	objects = {

/* Begin PBXBuildFile section */
		DC54B7592C5ED4F20093049D /* CategoryModel.swift in Sources */ = {isa = PBXBuildFile; fileRef = DC54B7582C5ED4F20093049D /* CategoryModel.swift */; };
		DC54B75C2C5EDA4F0093049D /* CategoryView.swift in Sources */ = {isa = PBXBuildFile; fileRef = DC54B75B2C5EDA4F0093049D /* CategoryView.swift */; };
		DC54B75E2C5EE2390093049D /* VisualBlurEffect.swift in Sources */ = {isa = PBXBuildFile; fileRef = DC54B75D2C5EE2390093049D /* VisualBlurEffect.swift */; };
		DC54B7602C5EE3920093049D /* CategoryDetailView.swift in Sources */ = {isa = PBXBuildFile; fileRef = DC54B75F2C5EE3920093049D /* CategoryDetailView.swift */; };
		DC9D47FB2C5E7BFF0021B3CC /* bank_appApp.swift in Sources */ = {isa = PBXBuildFile; fileRef = DC9D47FA2C5E7BFF0021B3CC /* bank_appApp.swift */; };
		DC9D47FD2C5E7BFF0021B3CC /* ContentView.swift in Sources */ = {isa = PBXBuildFile; fileRef = DC9D47FC2C5E7BFF0021B3CC /* ContentView.swift */; };
		DC9D47FF2C5E7C010021B3CC /* Assets.xcassets in Resources */ = {isa = PBXBuildFile; fileRef = DC9D47FE2C5E7C010021B3CC /* Assets.xcassets */; };
		DC9D48022C5E7C010021B3CC /* Preview Assets.xcassets in Resources */ = {isa = PBXBuildFile; fileRef = DC9D48012C5E7C010021B3CC /* Preview Assets.xcassets */; };
		DC9D480C2C5E7C010021B3CC /* bank_appTests.swift in Sources */ = {isa = PBXBuildFile; fileRef = DC9D480B2C5E7C010021B3CC /* bank_appTests.swift */; };
		DC9D48162C5E7C010021B3CC /* bank_appUITests.swift in Sources */ = {isa = PBXBuildFile; fileRef = DC9D48152C5E7C010021B3CC /* bank_appUITests.swift */; };
		DC9D48182C5E7C010021B3CC /* bank_appUITestsLaunchTests.swift in Sources */ = {isa = PBXBuildFile; fileRef = DC9D48172C5E7C010021B3CC /* bank_appUITestsLaunchTests.swift */; };
		DC9D48252C5E7CE20021B3CC /* HomeView.swift in Sources */ = {isa = PBXBuildFile; fileRef = DC9D48242C5E7CE20021B3CC /* HomeView.swift */; };
		DC9D48272C5E80250021B3CC /* CardView.swift in Sources */ = {isa = PBXBuildFile; fileRef = DC9D48262C5E80250021B3CC /* CardView.swift */; };
		DC9D48292C5E804F0021B3CC /* CardModel.swift in Sources */ = {isa = PBXBuildFile; fileRef = DC9D48282C5E804F0021B3CC /* CardModel.swift */; };
/* End PBXBuildFile section */

/* Begin PBXContainerItemProxy section */
		DC9D48082C5E7C010021B3CC /* PBXContainerItemProxy */ = {
			isa = PBXContainerItemProxy;
			containerPortal = DC9D47EF2C5E7BFF0021B3CC /* Project object */;
			proxyType = 1;
			remoteGlobalIDString = DC9D47F62C5E7BFF0021B3CC;
			remoteInfo = "bank-app";
		};
		DC9D48122C5E7C010021B3CC /* PBXContainerItemProxy */ = {
			isa = PBXContainerItemProxy;
			containerPortal = DC9D47EF2C5E7BFF0021B3CC /* Project object */;
			proxyType = 1;
			remoteGlobalIDString = DC9D47F62C5E7BFF0021B3CC;
			remoteInfo = "bank-app";
		};
/* End PBXContainerItemProxy section */

/* Begin PBXFileReference section */
		DC54B7582C5ED4F20093049D /* CategoryModel.swift */ = {isa = PBXFileReference; lastKnownFileType = sourcecode.swift; path = CategoryModel.swift; sourceTree = "<group>"; };
		DC54B75B2C5EDA4F0093049D /* CategoryView.swift */ = {isa = PBXFileReference; lastKnownFileType = sourcecode.swift; path = CategoryView.swift; sourceTree = "<group>"; };
		DC54B75D2C5EE2390093049D /* VisualBlurEffect.swift */ = {isa = PBXFileReference; lastKnownFileType = sourcecode.swift; path = VisualBlurEffect.swift; sourceTree = "<group>"; };
		DC54B75F2C5EE3920093049D /* CategoryDetailView.swift */ = {isa = PBXFileReference; lastKnownFileType = sourcecode.swift; path = CategoryDetailView.swift; sourceTree = "<group>"; };
		DC9D47F72C5E7BFF0021B3CC /* bank-app.app */ = {isa = PBXFileReference; explicitFileType = wrapper.application; includeInIndex = 0; path = "bank-app.app"; sourceTree = BUILT_PRODUCTS_DIR; };
		DC9D47FA2C5E7BFF0021B3CC /* bank_appApp.swift */ = {isa = PBXFileReference; lastKnownFileType = sourcecode.swift; path = bank_appApp.swift; sourceTree = "<group>"; };
		DC9D47FC2C5E7BFF0021B3CC /* ContentView.swift */ = {isa = PBXFileReference; lastKnownFileType = sourcecode.swift; path = ContentView.swift; sourceTree = "<group>"; };
		DC9D47FE2C5E7C010021B3CC /* Assets.xcassets */ = {isa = PBXFileReference; lastKnownFileType = folder.assetcatalog; path = Assets.xcassets; sourceTree = "<group>"; };
		DC9D48012C5E7C010021B3CC /* Preview Assets.xcassets */ = {isa = PBXFileReference; lastKnownFileType = folder.assetcatalog; path = "Preview Assets.xcassets"; sourceTree = "<group>"; };
		DC9D48072C5E7C010021B3CC /* bank-appTests.xctest */ = {isa = PBXFileReference; explicitFileType = wrapper.cfbundle; includeInIndex = 0; path = "bank-appTests.xctest"; sourceTree = BUILT_PRODUCTS_DIR; };
		DC9D480B2C5E7C010021B3CC /* bank_appTests.swift */ = {isa = PBXFileReference; lastKnownFileType = sourcecode.swift; path = bank_appTests.swift; sourceTree = "<group>"; };
		DC9D48112C5E7C010021B3CC /* bank-appUITests.xctest */ = {isa = PBXFileReference; explicitFileType = wrapper.cfbundle; includeInIndex = 0; path = "bank-appUITests.xctest"; sourceTree = BUILT_PRODUCTS_DIR; };
		DC9D48152C5E7C010021B3CC /* bank_appUITests.swift */ = {isa = PBXFileReference; lastKnownFileType = sourcecode.swift; path = bank_appUITests.swift; sourceTree = "<group>"; };
		DC9D48172C5E7C010021B3CC /* bank_appUITestsLaunchTests.swift */ = {isa = PBXFileReference; lastKnownFileType = sourcecode.swift; path = bank_appUITestsLaunchTests.swift; sourceTree = "<group>"; };
		DC9D48242C5E7CE20021B3CC /* HomeView.swift */ = {isa = PBXFileReference; lastKnownFileType = sourcecode.swift; path = HomeView.swift; sourceTree = "<group>"; };
		DC9D48262C5E80250021B3CC /* CardView.swift */ = {isa = PBXFileReference; lastKnownFileType = sourcecode.swift; path = CardView.swift; sourceTree = "<group>"; };
		DC9D48282C5E804F0021B3CC /* CardModel.swift */ = {isa = PBXFileReference; lastKnownFileType = sourcecode.swift; path = CardModel.swift; sourceTree = "<group>"; };
/* End PBXFileReference section */

/* Begin PBXFrameworksBuildPhase section */
		DC9D47F42C5E7BFF0021B3CC /* Frameworks */ = {
			isa = PBXFrameworksBuildPhase;
			buildActionMask = 2147483647;
			files = (
			);
			runOnlyForDeploymentPostprocessing = 0;
		};
		DC9D48042C5E7C010021B3CC /* Frameworks */ = {
			isa = PBXFrameworksBuildPhase;
			buildActionMask = 2147483647;
			files = (
			);
			runOnlyForDeploymentPostprocessing = 0;
		};
		DC9D480E2C5E7C010021B3CC /* Frameworks */ = {
			isa = PBXFrameworksBuildPhase;
			buildActionMask = 2147483647;
			files = (
			);
			runOnlyForDeploymentPostprocessing = 0;
		};
/* End PBXFrameworksBuildPhase section */

/* Begin PBXGroup section */
		DC54B7572C5ED4DD0093049D /* Models */ = {
			isa = PBXGroup;
			children = (
				DC9D48282C5E804F0021B3CC /* CardModel.swift */,
				DC54B7582C5ED4F20093049D /* CategoryModel.swift */,
			);
			path = Models;
			sourceTree = "<group>";
		};
		DC54B75A2C5EDA1D0093049D /* Views */ = {
			isa = PBXGroup;
			children = (
				DC9D48262C5E80250021B3CC /* CardView.swift */,
				DC9D48242C5E7CE20021B3CC /* HomeView.swift */,
				DC54B75B2C5EDA4F0093049D /* CategoryView.swift */,
				DC54B75F2C5EE3920093049D /* CategoryDetailView.swift */,
			);
			path = Views;
			sourceTree = "<group>";
		};
		DC9D47EE2C5E7BFF0021B3CC = {
			isa = PBXGroup;
			children = (
				DC9D47F92C5E7BFF0021B3CC /* bank-app */,
				DC9D480A2C5E7C010021B3CC /* bank-appTests */,
				DC9D48142C5E7C010021B3CC /* bank-appUITests */,
				DC9D47F82C5E7BFF0021B3CC /* Products */,
			);
			sourceTree = "<group>";
		};
		DC9D47F82C5E7BFF0021B3CC /* Products */ = {
			isa = PBXGroup;
			children = (
				DC9D47F72C5E7BFF0021B3CC /* bank-app.app */,
				DC9D48072C5E7C010021B3CC /* bank-appTests.xctest */,
				DC9D48112C5E7C010021B3CC /* bank-appUITests.xctest */,
			);
			name = Products;
			sourceTree = "<group>";
		};
		DC9D47F92C5E7BFF0021B3CC /* bank-app */ = {
			isa = PBXGroup;
			children = (
				DC54B75D2C5EE2390093049D /* VisualBlurEffect.swift */,
				DC54B7572C5ED4DD0093049D /* Models */,
				DC54B75A2C5EDA1D0093049D /* Views */,
				DC9D47FA2C5E7BFF0021B3CC /* bank_appApp.swift */,
				DC9D47FC2C5E7BFF0021B3CC /* ContentView.swift */,
				DC9D47FE2C5E7C010021B3CC /* Assets.xcassets */,
				DC9D48002C5E7C010021B3CC /* Preview Content */,
			);
			path = "bank-app";
			sourceTree = "<group>";
		};
		DC9D48002C5E7C010021B3CC /* Preview Content */ = {
			isa = PBXGroup;
			children = (
				DC9D48012C5E7C010021B3CC /* Preview Assets.xcassets */,
			);
			path = "Preview Content";
			sourceTree = "<group>";
		};
		DC9D480A2C5E7C010021B3CC /* bank-appTests */ = {
			isa = PBXGroup;
			children = (
				DC9D480B2C5E7C010021B3CC /* bank_appTests.swift */,
			);
			path = "bank-appTests";
			sourceTree = "<group>";
		};
		DC9D48142C5E7C010021B3CC /* bank-appUITests */ = {
			isa = PBXGroup;
			children = (
				DC9D48152C5E7C010021B3CC /* bank_appUITests.swift */,
				DC9D48172C5E7C010021B3CC /* bank_appUITestsLaunchTests.swift */,
			);
			path = "bank-appUITests";
			sourceTree = "<group>";
		};
/* End PBXGroup section */

/* Begin PBXNativeTarget section */
		DC9D47F62C5E7BFF0021B3CC /* bank-app */ = {
			isa = PBXNativeTarget;
			buildConfigurationList = DC9D481B2C5E7C010021B3CC /* Build configuration list for PBXNativeTarget "bank-app" */;
			buildPhases = (
				DC9D47F32C5E7BFF0021B3CC /* Sources */,
				DC9D47F42C5E7BFF0021B3CC /* Frameworks */,
				DC9D47F52C5E7BFF0021B3CC /* Resources */,
			);
			buildRules = (
			);
			dependencies = (
			);
			name = "bank-app";
			productName = "bank-app";
			productReference = DC9D47F72C5E7BFF0021B3CC /* bank-app.app */;
			productType = "com.apple.product-type.application";
		};
		DC9D48062C5E7C010021B3CC /* bank-appTests */ = {
			isa = PBXNativeTarget;
			buildConfigurationList = DC9D481E2C5E7C010021B3CC /* Build configuration list for PBXNativeTarget "bank-appTests" */;
			buildPhases = (
				DC9D48032C5E7C010021B3CC /* Sources */,
				DC9D48042C5E7C010021B3CC /* Frameworks */,
				DC9D48052C5E7C010021B3CC /* Resources */,
			);
			buildRules = (
			);
			dependencies = (
				DC9D48092C5E7C010021B3CC /* PBXTargetDependency */,
			);
			name = "bank-appTests";
			productName = "bank-appTests";
			productReference = DC9D48072C5E7C010021B3CC /* bank-appTests.xctest */;
			productType = "com.apple.product-type.bundle.unit-test";
		};
		DC9D48102C5E7C010021B3CC /* bank-appUITests */ = {
			isa = PBXNativeTarget;
			buildConfigurationList = DC9D48212C5E7C010021B3CC /* Build configuration list for PBXNativeTarget "bank-appUITests" */;
			buildPhases = (
				DC9D480D2C5E7C010021B3CC /* Sources */,
				DC9D480E2C5E7C010021B3CC /* Frameworks */,
				DC9D480F2C5E7C010021B3CC /* Resources */,
			);
			buildRules = (
			);
			dependencies = (
				DC9D48132C5E7C010021B3CC /* PBXTargetDependency */,
			);
			name = "bank-appUITests";
			productName = "bank-appUITests";
			productReference = DC9D48112C5E7C010021B3CC /* bank-appUITests.xctest */;
			productType = "com.apple.product-type.bundle.ui-testing";
		};
/* End PBXNativeTarget section */

/* Begin PBXProject section */
		DC9D47EF2C5E7BFF0021B3CC /* Project object */ = {
			isa = PBXProject;
			attributes = {
				BuildIndependentTargetsInParallel = 1;
				LastSwiftUpdateCheck = 1540;
				LastUpgradeCheck = 1540;
				TargetAttributes = {
					DC9D47F62C5E7BFF0021B3CC = {
						CreatedOnToolsVersion = 15.4;
					};
					DC9D48062C5E7C010021B3CC = {
						CreatedOnToolsVersion = 15.4;
						TestTargetID = DC9D47F62C5E7BFF0021B3CC;
					};
					DC9D48102C5E7C010021B3CC = {
						CreatedOnToolsVersion = 15.4;
						TestTargetID = DC9D47F62C5E7BFF0021B3CC;
					};
				};
			};
			buildConfigurationList = DC9D47F22C5E7BFF0021B3CC /* Build configuration list for PBXProject "bank-app" */;
			compatibilityVersion = "Xcode 14.0";
			developmentRegion = en;
			hasScannedForEncodings = 0;
			knownRegions = (
				en,
				Base,
			);
			mainGroup = DC9D47EE2C5E7BFF0021B3CC;
			productRefGroup = DC9D47F82C5E7BFF0021B3CC /* Products */;
			projectDirPath = "";
			projectRoot = "";
			targets = (
				DC9D47F62C5E7BFF0021B3CC /* bank-app */,
				DC9D48062C5E7C010021B3CC /* bank-appTests */,
				DC9D48102C5E7C010021B3CC /* bank-appUITests */,
			);
		};
/* End PBXProject section */

/* Begin PBXResourcesBuildPhase section */
		DC9D47F52C5E7BFF0021B3CC /* Resources */ = {
			isa = PBXResourcesBuildPhase;
			buildActionMask = 2147483647;
			files = (
				DC9D48022C5E7C010021B3CC /* Preview Assets.xcassets in Resources */,
				DC9D47FF2C5E7C010021B3CC /* Assets.xcassets in Resources */,
			);
			runOnlyForDeploymentPostprocessing = 0;
		};
		DC9D48052C5E7C010021B3CC /* Resources */ = {
			isa = PBXResourcesBuildPhase;
			buildActionMask = 2147483647;
			files = (
			);
			runOnlyForDeploymentPostprocessing = 0;
		};
		DC9D480F2C5E7C010021B3CC /* Resources */ = {
			isa = PBXResourcesBuildPhase;
			buildActionMask = 2147483647;
			files = (
			);
			runOnlyForDeploymentPostprocessing = 0;
		};
/* End PBXResourcesBuildPhase section */

/* Begin PBXSourcesBuildPhase section */
		DC9D47F32C5E7BFF0021B3CC /* Sources */ = {
			isa = PBXSourcesBuildPhase;
			buildActionMask = 2147483647;
			files = (
				DC9D48252C5E7CE20021B3CC /* HomeView.swift in Sources */,
				DC54B75C2C5EDA4F0093049D /* CategoryView.swift in Sources */,
				DC54B7592C5ED4F20093049D /* CategoryModel.swift in Sources */,
				DC9D47FD2C5E7BFF0021B3CC /* ContentView.swift in Sources */,
				DC9D48272C5E80250021B3CC /* CardView.swift in Sources */,
				DC54B7602C5EE3920093049D /* CategoryDetailView.swift in Sources */,
				DC9D47FB2C5E7BFF0021B3CC /* bank_appApp.swift in Sources */,
				DC9D48292C5E804F0021B3CC /* CardModel.swift in Sources */,
				DC54B75E2C5EE2390093049D /* VisualBlurEffect.swift in Sources */,
			);
			runOnlyForDeploymentPostprocessing = 0;
		};
		DC9D48032C5E7C010021B3CC /* Sources */ = {
			isa = PBXSourcesBuildPhase;
			buildActionMask = 2147483647;
			files = (
				DC9D480C2C5E7C010021B3CC /* bank_appTests.swift in Sources */,
			);
			runOnlyForDeploymentPostprocessing = 0;
		};
		DC9D480D2C5E7C010021B3CC /* Sources */ = {
			isa = PBXSourcesBuildPhase;
			buildActionMask = 2147483647;
			files = (
				DC9D48182C5E7C010021B3CC /* bank_appUITestsLaunchTests.swift in Sources */,
				DC9D48162C5E7C010021B3CC /* bank_appUITests.swift in Sources */,
			);
			runOnlyForDeploymentPostprocessing = 0;
		};
/* End PBXSourcesBuildPhase section */

/* Begin PBXTargetDependency section */
		DC9D48092C5E7C010021B3CC /* PBXTargetDependency */ = {
			isa = PBXTargetDependency;
			target = DC9D47F62C5E7BFF0021B3CC /* bank-app */;
			targetProxy = DC9D48082C5E7C010021B3CC /* PBXContainerItemProxy */;
		};
		DC9D48132C5E7C010021B3CC /* PBXTargetDependency */ = {
			isa = PBXTargetDependency;
			target = DC9D47F62C5E7BFF0021B3CC /* bank-app */;
			targetProxy = DC9D48122C5E7C010021B3CC /* PBXContainerItemProxy */;
		};
/* End PBXTargetDependency section */

/* Begin XCBuildConfiguration section */
		DC9D48192C5E7C010021B3CC /* Debug */ = {
			isa = XCBuildConfiguration;
			buildSettings = {
				ALWAYS_SEARCH_USER_PATHS = NO;
				ASSETCATALOG_COMPILER_GENERATE_SWIFT_ASSET_SYMBOL_EXTENSIONS = YES;
				CLANG_ANALYZER_NONNULL = YES;
				CLANG_ANALYZER_NUMBER_OBJECT_CONVERSION = YES_AGGRESSIVE;
				CLANG_CXX_LANGUAGE_STANDARD = "gnu++20";
				CLANG_ENABLE_MODULES = YES;
				CLANG_ENABLE_OBJC_ARC = YES;
				CLANG_ENABLE_OBJC_WEAK = YES;
				CLANG_WARN_BLOCK_CAPTURE_AUTORELEASING = YES;
				CLANG_WARN_BOOL_CONVERSION = YES;
				CLANG_WARN_COMMA = YES;
				CLANG_WARN_CONSTANT_CONVERSION = YES;
				CLANG_WARN_DEPRECATED_OBJC_IMPLEMENTATIONS = YES;
				CLANG_WARN_DIRECT_OBJC_ISA_USAGE = YES_ERROR;
				CLANG_WARN_DOCUMENTATION_COMMENTS = YES;
				CLANG_WARN_EMPTY_BODY = YES;
				CLANG_WARN_ENUM_CONVERSION = YES;
				CLANG_WARN_INFINITE_RECURSION = YES;
				CLANG_WARN_INT_CONVERSION = YES;
				CLANG_WARN_NON_LITERAL_NULL_CONVERSION = YES;
				CLANG_WARN_OBJC_IMPLICIT_RETAIN_SELF = YES;
				CLANG_WARN_OBJC_LITERAL_CONVERSION = YES;
				CLANG_WARN_OBJC_ROOT_CLASS = YES_ERROR;
				CLANG_WARN_QUOTED_INCLUDE_IN_FRAMEWORK_HEADER = YES;
				CLANG_WARN_RANGE_LOOP_ANALYSIS = YES;
				CLANG_WARN_STRICT_PROTOTYPES = YES;
				CLANG_WARN_SUSPICIOUS_MOVE = YES;
				CLANG_WARN_UNGUARDED_AVAILABILITY = YES_AGGRESSIVE;
				CLANG_WARN_UNREACHABLE_CODE = YES;
				CLANG_WARN__DUPLICATE_METHOD_MATCH = YES;
				COPY_PHASE_STRIP = NO;
				DEBUG_INFORMATION_FORMAT = dwarf;
				ENABLE_STRICT_OBJC_MSGSEND = YES;
				ENABLE_TESTABILITY = YES;
				ENABLE_USER_SCRIPT_SANDBOXING = YES;
				GCC_C_LANGUAGE_STANDARD = gnu17;
				GCC_DYNAMIC_NO_PIC = NO;
				GCC_NO_COMMON_BLOCKS = YES;
				GCC_OPTIMIZATION_LEVEL = 0;
				GCC_PREPROCESSOR_DEFINITIONS = (
					"DEBUG=1",
					"$(inherited)",
				);
				GCC_WARN_64_TO_32_BIT_CONVERSION = YES;
				GCC_WARN_ABOUT_RETURN_TYPE = YES_ERROR;
				GCC_WARN_UNDECLARED_SELECTOR = YES;
				GCC_WARN_UNINITIALIZED_AUTOS = YES_AGGRESSIVE;
				GCC_WARN_UNUSED_FUNCTION = YES;
				GCC_WARN_UNUSED_VARIABLE = YES;
				IPHONEOS_DEPLOYMENT_TARGET = 17.5;
				LOCALIZATION_PREFERS_STRING_CATALOGS = YES;
				MTL_ENABLE_DEBUG_INFO = INCLUDE_SOURCE;
				MTL_FAST_MATH = YES;
				ONLY_ACTIVE_ARCH = YES;
				SDKROOT = iphoneos;
				SWIFT_ACTIVE_COMPILATION_CONDITIONS = "DEBUG $(inherited)";
				SWIFT_OPTIMIZATION_LEVEL = "-Onone";
			};
			name = Debug;
		};
		DC9D481A2C5E7C010021B3CC /* Release */ = {
			isa = XCBuildConfiguration;
			buildSettings = {
				ALWAYS_SEARCH_USER_PATHS = NO;
				ASSETCATALOG_COMPILER_GENERATE_SWIFT_ASSET_SYMBOL_EXTENSIONS = YES;
				CLANG_ANALYZER_NONNULL = YES;
				CLANG_ANALYZER_NUMBER_OBJECT_CONVERSION = YES_AGGRESSIVE;
				CLANG_CXX_LANGUAGE_STANDARD = "gnu++20";
				CLANG_ENABLE_MODULES = YES;
				CLANG_ENABLE_OBJC_ARC = YES;
				CLANG_ENABLE_OBJC_WEAK = YES;
				CLANG_WARN_BLOCK_CAPTURE_AUTORELEASING = YES;
				CLANG_WARN_BOOL_CONVERSION = YES;
				CLANG_WARN_COMMA = YES;
				CLANG_WARN_CONSTANT_CONVERSION = YES;
				CLANG_WARN_DEPRECATED_OBJC_IMPLEMENTATIONS = YES;
				CLANG_WARN_DIRECT_OBJC_ISA_USAGE = YES_ERROR;
				CLANG_WARN_DOCUMENTATION_COMMENTS = YES;
				CLANG_WARN_EMPTY_BODY = YES;
				CLANG_WARN_ENUM_CONVERSION = YES;
				CLANG_WARN_INFINITE_RECURSION = YES;
				CLANG_WARN_INT_CONVERSION = YES;
				CLANG_WARN_NON_LITERAL_NULL_CONVERSION = YES;
				CLANG_WARN_OBJC_IMPLICIT_RETAIN_SELF = YES;
				CLANG_WARN_OBJC_LITERAL_CONVERSION = YES;
				CLANG_WARN_OBJC_ROOT_CLASS = YES_ERROR;
				CLANG_WARN_QUOTED_INCLUDE_IN_FRAMEWORK_HEADER = YES;
				CLANG_WARN_RANGE_LOOP_ANALYSIS = YES;
				CLANG_WARN_STRICT_PROTOTYPES = YES;
				CLANG_WARN_SUSPICIOUS_MOVE = YES;
				CLANG_WARN_UNGUARDED_AVAILABILITY = YES_AGGRESSIVE;
				CLANG_WARN_UNREACHABLE_CODE = YES;
				CLANG_WARN__DUPLICATE_METHOD_MATCH = YES;
				COPY_PHASE_STRIP = NO;
				DEBUG_INFORMATION_FORMAT = "dwarf-with-dsym";
				ENABLE_NS_ASSERTIONS = NO;
				ENABLE_STRICT_OBJC_MSGSEND = YES;
				ENABLE_USER_SCRIPT_SANDBOXING = YES;
				GCC_C_LANGUAGE_STANDARD = gnu17;
				GCC_NO_COMMON_BLOCKS = YES;
				GCC_WARN_64_TO_32_BIT_CONVERSION = YES;
				GCC_WARN_ABOUT_RETURN_TYPE = YES_ERROR;
				GCC_WARN_UNDECLARED_SELECTOR = YES;
				GCC_WARN_UNINITIALIZED_AUTOS = YES_AGGRESSIVE;
				GCC_WARN_UNUSED_FUNCTION = YES;
				GCC_WARN_UNUSED_VARIABLE = YES;
				IPHONEOS_DEPLOYMENT_TARGET = 17.5;
				LOCALIZATION_PREFERS_STRING_CATALOGS = YES;
				MTL_ENABLE_DEBUG_INFO = NO;
				MTL_FAST_MATH = YES;
				SDKROOT = iphoneos;
				SWIFT_COMPILATION_MODE = wholemodule;
				VALIDATE_PRODUCT = YES;
			};
			name = Release;
		};
		DC9D481C2C5E7C010021B3CC /* Debug */ = {
			isa = XCBuildConfiguration;
			buildSettings = {
				ASSETCATALOG_COMPILER_APPICON_NAME = AppIcon;
				ASSETCATALOG_COMPILER_GLOBAL_ACCENT_COLOR_NAME = AccentColor;
				CODE_SIGN_STYLE = Automatic;
				CURRENT_PROJECT_VERSION = 1;
				DEVELOPMENT_ASSET_PATHS = "\"bank-app/Preview Content\"";
				ENABLE_PREVIEWS = YES;
				GENERATE_INFOPLIST_FILE = YES;
				INFOPLIST_KEY_UIApplicationSceneManifest_Generation = YES;
				INFOPLIST_KEY_UIApplicationSupportsIndirectInputEvents = YES;
				INFOPLIST_KEY_UILaunchScreen_Generation = YES;
				INFOPLIST_KEY_UISupportedInterfaceOrientations_iPad = "UIInterfaceOrientationPortrait UIInterfaceOrientationPortraitUpsideDown UIInterfaceOrientationLandscapeLeft UIInterfaceOrientationLandscapeRight";
				INFOPLIST_KEY_UISupportedInterfaceOrientations_iPhone = "UIInterfaceOrientationPortrait UIInterfaceOrientationLandscapeLeft UIInterfaceOrientationLandscapeRight";
				LD_RUNPATH_SEARCH_PATHS = (
					"$(inherited)",
					"@executable_path/Frameworks",
				);
				MARKETING_VERSION = 1.0;
				PRODUCT_BUNDLE_IDENTIFIER = "ssxdtxr.bank-app";
				PRODUCT_NAME = "$(TARGET_NAME)";
				SWIFT_EMIT_LOC_STRINGS = YES;
				SWIFT_VERSION = 5.0;
				TARGETED_DEVICE_FAMILY = "1,2";
			};
			name = Debug;
		};
		DC9D481D2C5E7C010021B3CC /* Release */ = {
			isa = XCBuildConfiguration;
			buildSettings = {
				ASSETCATALOG_COMPILER_APPICON_NAME = AppIcon;
				ASSETCATALOG_COMPILER_GLOBAL_ACCENT_COLOR_NAME = AccentColor;
				CODE_SIGN_STYLE = Automatic;
				CURRENT_PROJECT_VERSION = 1;
				DEVELOPMENT_ASSET_PATHS = "\"bank-app/Preview Content\"";
				ENABLE_PREVIEWS = YES;
				GENERATE_INFOPLIST_FILE = YES;
				INFOPLIST_KEY_UIApplicationSceneManifest_Generation = YES;
				INFOPLIST_KEY_UIApplicationSupportsIndirectInputEvents = YES;
				INFOPLIST_KEY_UILaunchScreen_Generation = YES;
				INFOPLIST_KEY_UISupportedInterfaceOrientations_iPad = "UIInterfaceOrientationPortrait UIInterfaceOrientationPortraitUpsideDown UIInterfaceOrientationLandscapeLeft UIInterfaceOrientationLandscapeRight";
				INFOPLIST_KEY_UISupportedInterfaceOrientations_iPhone = "UIInterfaceOrientationPortrait UIInterfaceOrientationLandscapeLeft UIInterfaceOrientationLandscapeRight";
				LD_RUNPATH_SEARCH_PATHS = (
					"$(inherited)",
					"@executable_path/Frameworks",
				);
				MARKETING_VERSION = 1.0;
				PRODUCT_BUNDLE_IDENTIFIER = "ssxdtxr.bank-app";
				PRODUCT_NAME = "$(TARGET_NAME)";
				SWIFT_EMIT_LOC_STRINGS = YES;
				SWIFT_VERSION = 5.0;
				TARGETED_DEVICE_FAMILY = "1,2";
			};
			name = Release;
		};
		DC9D481F2C5E7C010021B3CC /* Debug */ = {
			isa = XCBuildConfiguration;
			buildSettings = {
				ALWAYS_EMBED_SWIFT_STANDARD_LIBRARIES = YES;
				BUNDLE_LOADER = "$(TEST_HOST)";
				CODE_SIGN_STYLE = Automatic;
				CURRENT_PROJECT_VERSION = 1;
				GENERATE_INFOPLIST_FILE = YES;
				IPHONEOS_DEPLOYMENT_TARGET = 17.5;
				MARKETING_VERSION = 1.0;
				PRODUCT_BUNDLE_IDENTIFIER = "ssxdtxr.bank-appTests";
				PRODUCT_NAME = "$(TARGET_NAME)";
				SWIFT_EMIT_LOC_STRINGS = NO;
				SWIFT_VERSION = 5.0;
				TARGETED_DEVICE_FAMILY = "1,2";
				TEST_HOST = "$(BUILT_PRODUCTS_DIR)/bank-app.app/$(BUNDLE_EXECUTABLE_FOLDER_PATH)/bank-app";
			};
			name = Debug;
		};
		DC9D48202C5E7C010021B3CC /* Release */ = {
			isa = XCBuildConfiguration;
			buildSettings = {
				ALWAYS_EMBED_SWIFT_STANDARD_LIBRARIES = YES;
				BUNDLE_LOADER = "$(TEST_HOST)";
				CODE_SIGN_STYLE = Automatic;
				CURRENT_PROJECT_VERSION = 1;
				GENERATE_INFOPLIST_FILE = YES;
				IPHONEOS_DEPLOYMENT_TARGET = 17.5;
				MARKETING_VERSION = 1.0;
				PRODUCT_BUNDLE_IDENTIFIER = "ssxdtxr.bank-appTests";
				PRODUCT_NAME = "$(TARGET_NAME)";
				SWIFT_EMIT_LOC_STRINGS = NO;
				SWIFT_VERSION = 5.0;
				TARGETED_DEVICE_FAMILY = "1,2";
				TEST_HOST = "$(BUILT_PRODUCTS_DIR)/bank-app.app/$(BUNDLE_EXECUTABLE_FOLDER_PATH)/bank-app";
			};
			name = Release;
		};
		DC9D48222C5E7C010021B3CC /* Debug */ = {
			isa = XCBuildConfiguration;
			buildSettings = {
				ALWAYS_EMBED_SWIFT_STANDARD_LIBRARIES = YES;
				CODE_SIGN_STYLE = Automatic;
				CURRENT_PROJECT_VERSION = 1;
				GENERATE_INFOPLIST_FILE = YES;
				MARKETING_VERSION = 1.0;
				PRODUCT_BUNDLE_IDENTIFIER = "ssxdtxr.bank-appUITests";
				PRODUCT_NAME = "$(TARGET_NAME)";
				SWIFT_EMIT_LOC_STRINGS = NO;
				SWIFT_VERSION = 5.0;
				TARGETED_DEVICE_FAMILY = "1,2";
				TEST_TARGET_NAME = "bank-app";
			};
			name = Debug;
		};
		DC9D48232C5E7C010021B3CC /* Release */ = {
			isa = XCBuildConfiguration;
			buildSettings = {
				ALWAYS_EMBED_SWIFT_STANDARD_LIBRARIES = YES;
				CODE_SIGN_STYLE = Automatic;
				CURRENT_PROJECT_VERSION = 1;
				GENERATE_INFOPLIST_FILE = YES;
				MARKETING_VERSION = 1.0;
				PRODUCT_BUNDLE_IDENTIFIER = "ssxdtxr.bank-appUITests";
				PRODUCT_NAME = "$(TARGET_NAME)";
				SWIFT_EMIT_LOC_STRINGS = NO;
				SWIFT_VERSION = 5.0;
				TARGETED_DEVICE_FAMILY = "1,2";
				TEST_TARGET_NAME = "bank-app";
			};
			name = Release;
		};
/* End XCBuildConfiguration section */

/* Begin XCConfigurationList section */
		DC9D47F22C5E7BFF0021B3CC /* Build configuration list for PBXProject "bank-app" */ = {
			isa = XCConfigurationList;
			buildConfigurations = (
				DC9D48192C5E7C010021B3CC /* Debug */,
				DC9D481A2C5E7C010021B3CC /* Release */,
			);
			defaultConfigurationIsVisible = 0;
			defaultConfigurationName = Release;
		};
		DC9D481B2C5E7C010021B3CC /* Build configuration list for PBXNativeTarget "bank-app" */ = {
			isa = XCConfigurationList;
			buildConfigurations = (
				DC9D481C2C5E7C010021B3CC /* Debug */,
				DC9D481D2C5E7C010021B3CC /* Release */,
			);
			defaultConfigurationIsVisible = 0;
			defaultConfigurationName = Release;
		};
		DC9D481E2C5E7C010021B3CC /* Build configuration list for PBXNativeTarget "bank-appTests" */ = {
			isa = XCConfigurationList;
			buildConfigurations = (
				DC9D481F2C5E7C010021B3CC /* Debug */,
				DC9D48202C5E7C010021B3CC /* Release */,
			);
			defaultConfigurationIsVisible = 0;
			defaultConfigurationName = Release;
		};
		DC9D48212C5E7C010021B3CC /* Build configuration list for PBXNativeTarget "bank-appUITests" */ = {
			isa = XCConfigurationList;
			buildConfigurations = (
				DC9D48222C5E7C010021B3CC /* Debug */,
				DC9D48232C5E7C010021B3CC /* Release */,
			);
			defaultConfigurationIsVisible = 0;
			defaultConfigurationName = Release;
		};
/* End XCConfigurationList section */
	};
	rootObject = DC9D47EF2C5E7BFF0021B3CC /* Project object */;
}
